// !$*UTF8*$!
{
	archiveVersion = 1;
	classes = {
	};
	objectVersion = 46;
	objects = {

/* Begin PBXBuildFile section */
		D39693FC1C7E8A4300BB5772 /* main.m in Sources */ = {isa = PBXBuildFile; fileRef = D39693FB1C7E8A4300BB5772 /* main.m */; };
		D39693FF1C7E8A4300BB5772 /* AppDelegate.m in Sources */ = {isa = PBXBuildFile; fileRef = D39693FE1C7E8A4300BB5772 /* AppDelegate.m */; };
		D39694021C7E8A4300BB5772 /* ViewController.m in Sources */ = {isa = PBXBuildFile; fileRef = D39694011C7E8A4300BB5772 /* ViewController.m */; };
		D39694051C7E8A4300BB5772 /* Main.storyboard in Resources */ = {isa = PBXBuildFile; fileRef = D39694031C7E8A4300BB5772 /* Main.storyboard */; };
		D39694071C7E8A4300BB5772 /* Assets.xcassets in Resources */ = {isa = PBXBuildFile; fileRef = D39694061C7E8A4300BB5772 /* Assets.xcassets */; };
		D396940A1C7E8A4300BB5772 /* LaunchScreen.storyboard in Resources */ = {isa = PBXBuildFile; fileRef = D39694081C7E8A4300BB5772 /* LaunchScreen.storyboard */; };
		D39694151C7E8A4300BB5772 /* WYTopViewTests.m in Sources */ = {isa = PBXBuildFile; fileRef = D39694141C7E8A4300BB5772 /* WYTopViewTests.m */; };
		D39694201C7E8A4400BB5772 /* WYTopViewUITests.m in Sources */ = {isa = PBXBuildFile; fileRef = D396941F1C7E8A4400BB5772 /* WYTopViewUITests.m */; };
		D396942F1C7E8A7A00BB5772 /* WYTopView.m in Sources */ = {isa = PBXBuildFile; fileRef = D396942E1C7E8A7A00BB5772 /* WYTopView.m */; };
/* End PBXBuildFile section */

/* Begin PBXContainerItemProxy section */
		D39694111C7E8A4300BB5772 /* PBXContainerItemProxy */ = {
			isa = PBXContainerItemProxy;
			containerPortal = D39693EF1C7E8A4100BB5772 /* Project object */;
			proxyType = 1;
			remoteGlobalIDString = D39693F61C7E8A4200BB5772;
			remoteInfo = WYTopView;
		};
		D396941C1C7E8A4400BB5772 /* PBXContainerItemProxy */ = {
			isa = PBXContainerItemProxy;
			containerPortal = D39693EF1C7E8A4100BB5772 /* Project object */;
			proxyType = 1;
			remoteGlobalIDString = D39693F61C7E8A4200BB5772;
			remoteInfo = WYTopView;
		};
/* End PBXContainerItemProxy section */

/* Begin PBXFileReference section */
		D39693F71C7E8A4300BB5772 /* WYTopView.app */ = {isa = PBXFileReference; explicitFileType = wrapper.application; includeInIndex = 0; path = WYTopView.app; sourceTree = BUILT_PRODUCTS_DIR; };
		D39693FB1C7E8A4300BB5772 /* main.m */ = {isa = PBXFileReference; lastKnownFileType = sourcecode.c.objc; path = main.m; sourceTree = "<group>"; };
		D39693FD1C7E8A4300BB5772 /* AppDelegate.h */ = {isa = PBXFileReference; lastKnownFileType = sourcecode.c.h; path = AppDelegate.h; sourceTree = "<group>"; };
		D39693FE1C7E8A4300BB5772 /* AppDelegate.m */ = {isa = PBXFileReference; lastKnownFileType = sourcecode.c.objc; path = AppDelegate.m; sourceTree = "<group>"; };
		D39694001C7E8A4300BB5772 /* ViewController.h */ = {isa = PBXFileReference; lastKnownFileType = sourcecode.c.h; path = ViewController.h; sourceTree = "<group>"; };
		D39694011C7E8A4300BB5772 /* ViewController.m */ = {isa = PBXFileReference; lastKnownFileType = sourcecode.c.objc; path = ViewController.m; sourceTree = "<group>"; };
		D39694041C7E8A4300BB5772 /* Base */ = {isa = PBXFileReference; lastKnownFileType = file.storyboard; name = Base; path = Base.lproj/Main.storyboard; sourceTree = "<group>"; };
		D39694061C7E8A4300BB5772 /* Assets.xcassets */ = {isa = PBXFileReference; lastKnownFileType = folder.assetcatalog; path = Assets.xcassets; sourceTree = "<group>"; };
		D39694091C7E8A4300BB5772 /* Base */ = {isa = PBXFileReference; lastKnownFileType = file.storyboard; name = Base; path = Base.lproj/LaunchScreen.storyboard; sourceTree = "<group>"; };
		D396940B1C7E8A4300BB5772 /* Info.plist */ = {isa = PBXFileReference; lastKnownFileType = text.plist.xml; path = Info.plist; sourceTree = "<group>"; };
		D39694101C7E8A4300BB5772 /* WYTopViewTests.xctest */ = {isa = PBXFileReference; explicitFileType = wrapper.cfbundle; includeInIndex = 0; path = WYTopViewTests.xctest; sourceTree = BUILT_PRODUCTS_DIR; };
		D39694141C7E8A4300BB5772 /* WYTopViewTests.m */ = {isa = PBXFileReference; lastKnownFileType = sourcecode.c.objc; path = WYTopViewTests.m; sourceTree = "<group>"; };
		D39694161C7E8A4300BB5772 /* Info.plist */ = {isa = PBXFileReference; lastKnownFileType = text.plist.xml; path = Info.plist; sourceTree = "<group>"; };
		D396941B1C7E8A4400BB5772 /* WYTopViewUITests.xctest */ = {isa = PBXFileReference; explicitFileType = wrapper.cfbundle; includeInIndex = 0; path = WYTopViewUITests.xctest; sourceTree = BUILT_PRODUCTS_DIR; };
		D396941F1C7E8A4400BB5772 /* WYTopViewUITests.m */ = {isa = PBXFileReference; lastKnownFileType = sourcecode.c.objc; path = WYTopViewUITests.m; sourceTree = "<group>"; };
		D39694211C7E8A4400BB5772 /* Info.plist */ = {isa = PBXFileReference; lastKnownFileType = text.plist.xml; path = Info.plist; sourceTree = "<group>"; };
		D396942D1C7E8A7A00BB5772 /* WYTopView.h */ = {isa = PBXFileReference; fileEncoding = 4; lastKnownFileType = sourcecode.c.h; path = WYTopView.h; sourceTree = "<group>"; };
		D396942E1C7E8A7A00BB5772 /* WYTopView.m */ = {isa = PBXFileReference; fileEncoding = 4; lastKnownFileType = sourcecode.c.objc; path = WYTopView.m; sourceTree = "<group>"; };
/* End PBXFileReference section */

/* Begin PBXFrameworksBuildPhase section */
		D39693F41C7E8A4200BB5772 /* Frameworks */ = {
			isa = PBXFrameworksBuildPhase;
			buildActionMask = 2147483647;
			files = (
			);
			runOnlyForDeploymentPostprocessing = 0;
		};
		D396940D1C7E8A4300BB5772 /* Frameworks */ = {
			isa = PBXFrameworksBuildPhase;
			buildActionMask = 2147483647;
			files = (
			);
			runOnlyForDeploymentPostprocessing = 0;
		};
		D39694181C7E8A4400BB5772 /* Frameworks */ = {
			isa = PBXFrameworksBuildPhase;
			buildActionMask = 2147483647;
			files = (
			);
			runOnlyForDeploymentPostprocessing = 0;
		};
/* End PBXFrameworksBuildPhase section */

/* Begin PBXGroup section */
		D39693EE1C7E8A4100BB5772 = {
			isa = PBXGroup;
			children = (
				D396942D1C7E8A7A00BB5772 /* WYTopView.h */,
				D396942E1C7E8A7A00BB5772 /* WYTopView.m */,
				D39693F91C7E8A4300BB5772 /* WYTopView */,
				D39694131C7E8A4300BB5772 /* WYTopViewTests */,
				D396941E1C7E8A4400BB5772 /* WYTopViewUITests */,
				D39693F81C7E8A4300BB5772 /* Products */,
			);
			sourceTree = "<group>";
		};
		D39693F81C7E8A4300BB5772 /* Products */ = {
			isa = PBXGroup;
			children = (
				D39693F71C7E8A4300BB5772 /* WYTopView.app */,
				D39694101C7E8A4300BB5772 /* WYTopViewTests.xctest */,
				D396941B1C7E8A4400BB5772 /* WYTopViewUITests.xctest */,
			);
			name = Products;
			sourceTree = "<group>";
		};
		D39693F91C7E8A4300BB5772 /* WYTopView */ = {
			isa = PBXGroup;
			children = (
				D39693FD1C7E8A4300BB5772 /* AppDelegate.h */,
				D39693FE1C7E8A4300BB5772 /* AppDelegate.m */,
				D39694001C7E8A4300BB5772 /* ViewController.h */,
				D39694011C7E8A4300BB5772 /* ViewController.m */,
				D39694031C7E8A4300BB5772 /* Main.storyboard */,
				D39694061C7E8A4300BB5772 /* Assets.xcassets */,
				D39694081C7E8A4300BB5772 /* LaunchScreen.storyboard */,
				D396940B1C7E8A4300BB5772 /* Info.plist */,
				D39693FA1C7E8A4300BB5772 /* Supporting Files */,
			);
			path = WYTopView;
			sourceTree = "<group>";
		};
		D39693FA1C7E8A4300BB5772 /* Supporting Files */ = {
			isa = PBXGroup;
			children = (
				D39693FB1C7E8A4300BB5772 /* main.m */,
			);
			name = "Supporting Files";
			sourceTree = "<group>";
		};
		D39694131C7E8A4300BB5772 /* WYTopViewTests */ = {
			isa = PBXGroup;
			children = (
				D39694141C7E8A4300BB5772 /* WYTopViewTests.m */,
				D39694161C7E8A4300BB5772 /* Info.plist */,
			);
			path = WYTopViewTests;
			sourceTree = "<group>";
		};
		D396941E1C7E8A4400BB5772 /* WYTopViewUITests */ = {
			isa = PBXGroup;
			children = (
				D396941F1C7E8A4400BB5772 /* WYTopViewUITests.m */,
				D39694211C7E8A4400BB5772 /* Info.plist */,
			);
			path = WYTopViewUITests;
			sourceTree = "<group>";
		};
/* End PBXGroup section */

/* Begin PBXNativeTarget section */
		D39693F61C7E8A4200BB5772 /* WYTopView */ = {
			isa = PBXNativeTarget;
			buildConfigurationList = D39694241C7E8A4400BB5772 /* Build configuration list for PBXNativeTarget "WYTopView" */;
			buildPhases = (
				D39693F31C7E8A4200BB5772 /* Sources */,
				D39693F41C7E8A4200BB5772 /* Frameworks */,
				D39693F51C7E8A4200BB5772 /* Resources */,
			);
			buildRules = (
			);
			dependencies = (
			);
			name = WYTopView;
			productName = WYTopView;
			productReference = D39693F71C7E8A4300BB5772 /* WYTopView.app */;
			productType = "com.apple.product-type.application";
		};
		D396940F1C7E8A4300BB5772 /* WYTopViewTests */ = {
			isa = PBXNativeTarget;
			buildConfigurationList = D39694271C7E8A4400BB5772 /* Build configuration list for PBXNativeTarget "WYTopViewTests" */;
			buildPhases = (
				D396940C1C7E8A4300BB5772 /* Sources */,
				D396940D1C7E8A4300BB5772 /* Frameworks */,
				D396940E1C7E8A4300BB5772 /* Resources */,
			);
			buildRules = (
			);
			dependencies = (
				D39694121C7E8A4300BB5772 /* PBXTargetDependency */,
			);
			name = WYTopViewTests;
			productName = WYTopViewTests;
			productReference = D39694101C7E8A4300BB5772 /* WYTopViewTests.xctest */;
			productType = "com.apple.product-type.bundle.unit-test";
		};
		D396941A1C7E8A4400BB5772 /* WYTopViewUITests */ = {
			isa = PBXNativeTarget;
			buildConfigurationList = D396942A1C7E8A4400BB5772 /* Build configuration list for PBXNativeTarget "WYTopViewUITests" */;
			buildPhases = (
				D39694171C7E8A4400BB5772 /* Sources */,
				D39694181C7E8A4400BB5772 /* Frameworks */,
				D39694191C7E8A4400BB5772 /* Resources */,
			);
			buildRules = (
			);
			dependencies = (
				D396941D1C7E8A4400BB5772 /* PBXTargetDependency */,
			);
			name = WYTopViewUITests;
			productName = WYTopViewUITests;
			productReference = D396941B1C7E8A4400BB5772 /* WYTopViewUITests.xctest */;
			productType = "com.apple.product-type.bundle.ui-testing";
		};
/* End PBXNativeTarget section */

/* Begin PBXProject section */
		D39693EF1C7E8A4100BB5772 /* Project object */ = {
			isa = PBXProject;
			attributes = {
				LastUpgradeCheck = 0710;
				ORGANIZATIONNAME = "大屁和小屁的故事";
				TargetAttributes = {
					D39693F61C7E8A4200BB5772 = {
						CreatedOnToolsVersion = 7.1.1;
					};
					D396940F1C7E8A4300BB5772 = {
						CreatedOnToolsVersion = 7.1.1;
						TestTargetID = D39693F61C7E8A4200BB5772;
					};
					D396941A1C7E8A4400BB5772 = {
						CreatedOnToolsVersion = 7.1.1;
						TestTargetID = D39693F61C7E8A4200BB5772;
					};
				};
			};
			buildConfigurationList = D39693F21C7E8A4100BB5772 /* Build configuration list for PBXProject "WYTopView" */;
			compatibilityVersion = "Xcode 3.2";
			developmentRegion = English;
			hasScannedForEncodings = 0;
			knownRegions = (
				en,
				Base,
			);
			mainGroup = D39693EE1C7E8A4100BB5772;
			productRefGroup = D39693F81C7E8A4300BB5772 /* Products */;
			projectDirPath = "";
			projectRoot = "";
			targets = (
				D39693F61C7E8A4200BB5772 /* WYTopView */,
				D396940F1C7E8A4300BB5772 /* WYTopViewTests */,
				D396941A1C7E8A4400BB5772 /* WYTopViewUITests */,
			);
		};
/* End PBXProject section */

/* Begin PBXResourcesBuildPhase section */
		D39693F51C7E8A4200BB5772 /* Resources */ = {
			isa = PBXResourcesBuildPhase;
			buildActionMask = 2147483647;
			files = (
				D396940A1C7E8A4300BB5772 /* LaunchScreen.storyboard in Resources */,
				D39694071C7E8A4300BB5772 /* Assets.xcassets in Resources */,
				D39694051C7E8A4300BB5772 /* Main.storyboard in Resources */,
			);
			runOnlyForDeploymentPostprocessing = 0;
		};
		D396940E1C7E8A4300BB5772 /* Resources */ = {
			isa = PBXResourcesBuildPhase;
			buildActionMask = 2147483647;
			files = (
			);
			runOnlyForDeploymentPostprocessing = 0;
		};
		D39694191C7E8A4400BB5772 /* Resources */ = {
			isa = PBXResourcesBuildPhase;
			buildActionMask = 2147483647;
			files = (
			);
			runOnlyForDeploymentPostprocessing = 0;
		};
/* End PBXResourcesBuildPhase section */

/* Begin PBXSourcesBuildPhase section */
		D39693F31C7E8A4200BB5772 /* Sources */ = {
			isa = PBXSourcesBuildPhase;
			buildActionMask = 2147483647;
			files = (
				D396942F1C7E8A7A00BB5772 /* WYTopView.m in Sources */,
				D39694021C7E8A4300BB5772 /* ViewController.m in Sources */,
				D39693FF1C7E8A4300BB5772 /* AppDelegate.m in Sources */,
				D39693FC1C7E8A4300BB5772 /* main.m in Sources */,
			);
			runOnlyForDeploymentPostprocessing = 0;
		};
		D396940C1C7E8A4300BB5772 /* Sources */ = {
			isa = PBXSourcesBuildPhase;
			buildActionMask = 2147483647;
			files = (
				D39694151C7E8A4300BB5772 /* WYTopViewTests.m in Sources */,
			);
			runOnlyForDeploymentPostprocessing = 0;
		};
		D39694171C7E8A4400BB5772 /* Sources */ = {
			isa = PBXSourcesBuildPhase;
			buildActionMask = 2147483647;
			files = (
				D39694201C7E8A4400BB5772 /* WYTopViewUITests.m in Sources */,
			);
			runOnlyForDeploymentPostprocessing = 0;
		};
/* End PBXSourcesBuildPhase section */

/* Begin PBXTargetDependency section */
		D39694121C7E8A4300BB5772 /* PBXTargetDependency */ = {
			isa = PBXTargetDependency;
			target = D39693F61C7E8A4200BB5772 /* WYTopView */;
			targetProxy = D39694111C7E8A4300BB5772 /* PBXContainerItemProxy */;
		};
		D396941D1C7E8A4400BB5772 /* PBXTargetDependency */ = {
			isa = PBXTargetDependency;
			target = D39693F61C7E8A4200BB5772 /* WYTopView */;
			targetProxy = D396941C1C7E8A4400BB5772 /* PBXContainerItemProxy */;
		};
/* End PBXTargetDependency section */

/* Begin PBXVariantGroup section */
		D39694031C7E8A4300BB5772 /* Main.storyboard */ = {
			isa = PBXVariantGroup;
			children = (
				D39694041C7E8A4300BB5772 /* Base */,
			);
			name = Main.storyboard;
			sourceTree = "<group>";
		};
		D39694081C7E8A4300BB5772 /* LaunchScreen.storyboard */ = {
			isa = PBXVariantGroup;
			children = (
				D39694091C7E8A4300BB5772 /* Base */,
			);
			name = LaunchScreen.storyboard;
			sourceTree = "<group>";
		};
/* End PBXVariantGroup section */

/* Begin XCBuildConfiguration section */
		D39694221C7E8A4400BB5772 /* Debug */ = {
			isa = XCBuildConfiguration;
			buildSettings = {
				ALWAYS_SEARCH_USER_PATHS = NO;
				CLANG_CXX_LANGUAGE_STANDARD = "gnu++0x";
				CLANG_CXX_LIBRARY = "libc++";
				CLANG_ENABLE_MODULES = YES;
				CLANG_ENABLE_OBJC_ARC = YES;
				CLANG_WARN_BOOL_CONVERSION = YES;
				CLANG_WARN_CONSTANT_CONVERSION = YES;
				CLANG_WARN_DIRECT_OBJC_ISA_USAGE = YES_ERROR;
				CLANG_WARN_EMPTY_BODY = YES;
				CLANG_WARN_ENUM_CONVERSION = YES;
				CLANG_WARN_INT_CONVERSION = YES;
				CLANG_WARN_OBJC_ROOT_CLASS = YES_ERROR;
				CLANG_WARN_UNREACHABLE_CODE = YES;
				CLANG_WARN__DUPLICATE_METHOD_MATCH = YES;
				"CODE_SIGN_IDENTITY[sdk=iphoneos*]" = "iPhone Developer";
				COPY_PHASE_STRIP = NO;
				DEBUG_INFORMATION_FORMAT = dwarf;
				ENABLE_STRICT_OBJC_MSGSEND = YES;
				ENABLE_TESTABILITY = YES;
				GCC_C_LANGUAGE_STANDARD = gnu99;
				GCC_DYNAMIC_NO_PIC = NO;
				GCC_NO_COMMON_BLOCKS = YES;
				GCC_OPTIMIZATION_LEVEL = 0;
				GCC_PREPROCESSOR_DEFINITIONS = (
					"DEBUG=1",
					"$(inherited)",
				);
				GCC_WARN_64_TO_32_BIT_CONVERSION = YES;
				GCC_WARN_ABOUT_RETURN_TYPE = YES_ERROR;
				GCC_WARN_UNDECLARED_SELECTOR = YES;
				GCC_WARN_UNINITIALIZED_AUTOS = YES_AGGRESSIVE;
				GCC_WARN_UNUSED_FUNCTION = YES;
				GCC_WARN_UNUSED_VARIABLE = YES;
				IPHONEOS_DEPLOYMENT_TARGET = 9.1;
				MTL_ENABLE_DEBUG_INFO = YES;
				ONLY_ACTIVE_ARCH = YES;
				SDKROOT = iphoneos;
			};
			name = Debug;
		};
		D39694231C7E8A4400BB5772 /* Release */ = {
			isa = XCBuildConfiguration;
			buildSettings = {
				ALWAYS_SEARCH_USER_PATHS = NO;
				CLANG_CXX_LANGUAGE_STANDARD = "gnu++0x";
				CLANG_CXX_LIBRARY = "libc++";
				CLANG_ENABLE_MODULES = YES;
				CLANG_ENABLE_OBJC_ARC = YES;
				CLANG_WARN_BOOL_CONVERSION = YES;
				CLANG_WARN_CONSTANT_CONVERSION = YES;
				CLANG_WARN_DIRECT_OBJC_ISA_USAGE = YES_ERROR;
				CLANG_WARN_EMPTY_BODY = YES;
				CLANG_WARN_ENUM_CONVERSION = YES;
				CLANG_WARN_INT_CONVERSION = YES;
				CLANG_WARN_OBJC_ROOT_CLASS = YES_ERROR;
				CLANG_WARN_UNREACHABLE_CODE = YES;
				CLANG_WARN__DUPLICATE_METHOD_MATCH = YES;
				"CODE_SIGN_IDENTITY[sdk=iphoneos*]" = "iPhone Developer";
				COPY_PHASE_STRIP = NO;
				DEBUG_INFORMATION_FORMAT = "dwarf-with-dsym";
				ENABLE_NS_ASSERTIONS = NO;
				ENABLE_STRICT_OBJC_MSGSEND = YES;
				GCC_C_LANGUAGE_STANDARD = gnu99;
				GCC_NO_COMMON_BLOCKS = YES;
				GCC_WARN_64_TO_32_BIT_CONVERSION = YES;
				GCC_WARN_ABOUT_RETURN_TYPE = YES_ERROR;
				GCC_WARN_UNDECLARED_SELECTOR = YES;
				GCC_WARN_UNINITIALIZED_AUTOS = YES_AGGRESSIVE;
				GCC_WARN_UNUSED_FUNCTION = YES;
				GCC_WARN_UNUSED_VARIABLE = YES;
				IPHONEOS_DEPLOYMENT_TARGET = 9.1;
				MTL_ENABLE_DEBUG_INFO = NO;
				SDKROOT = iphoneos;
				VALIDATE_PRODUCT = YES;
			};
			name = Release;
		};
		D39694251C7E8A4400BB5772 /* Debug */ = {
			isa = XCBuildConfiguration;
			buildSettings = {
				ASSETCATALOG_COMPILER_APPICON_NAME = AppIcon;
				INFOPLIST_FILE = WYTopView/Info.plist;
				LD_RUNPATH_SEARCH_PATHS = "$(inherited) @executable_path/Frameworks";
				PRODUCT_BUNDLE_IDENTIFIER = liaoningkeji.WYTopView;
				PRODUCT_NAME = "$(TARGET_NAME)";
			};
			name = Debug;
		};
		D39694261C7E8A4400BB5772 /* Release */ = {
			isa = XCBuildConfiguration;
			buildSettings = {
				ASSETCATALOG_COMPILER_APPICON_NAME = AppIcon;
				INFOPLIST_FILE = WYTopView/Info.plist;
				LD_RUNPATH_SEARCH_PATHS = "$(inherited) @executable_path/Frameworks";
				PRODUCT_BUNDLE_IDENTIFIER = liaoningkeji.WYTopView;
				PRODUCT_NAME = "$(TARGET_NAME)";
			};
			name = Release;
		};
		D39694281C7E8A4400BB5772 /* Debug */ = {
			isa = XCBuildConfiguration;
			buildSettings = {
				BUNDLE_LOADER = "$(TEST_HOST)";
				INFOPLIST_FILE = WYTopViewTests/Info.plist;
				LD_RUNPATH_SEARCH_PATHS = "$(inherited) @executable_path/Frameworks @loader_path/Frameworks";
				PRODUCT_BUNDLE_IDENTIFIER = liaoningkeji.WYTopViewTests;
				PRODUCT_NAME = "$(TARGET_NAME)";
				TEST_HOST = "$(BUILT_PRODUCTS_DIR)/WYTopView.app/WYTopView";
			};
			name = Debug;
		};
		D39694291C7E8A4400BB5772 /* Release */ = {
			isa = XCBuildConfiguration;
			buildSettings = {
				BUNDLE_LOADER = "$(TEST_HOST)";
				INFOPLIST_FILE = WYTopViewTests/Info.plist;
				LD_RUNPATH_SEARCH_PATHS = "$(inherited) @executable_path/Frameworks @loader_path/Frameworks";
				PRODUCT_BUNDLE_IDENTIFIER = liaoningkeji.WYTopViewTests;
				PRODUCT_NAME = "$(TARGET_NAME)";
				TEST_HOST = "$(BUILT_PRODUCTS_DIR)/WYTopView.app/WYTopView";
			};
			name = Release;
		};
		D396942B1C7E8A4400BB5772 /* Debug */ = {
			isa = XCBuildConfiguration;
			buildSettings = {
				INFOPLIST_FILE = WYTopViewUITests/Info.plist;
				LD_RUNPATH_SEARCH_PATHS = "$(inherited) @executable_path/Frameworks @loader_path/Frameworks";
				PRODUCT_BUNDLE_IDENTIFIER = liaoningkeji.WYTopViewUITests;
				PRODUCT_NAME = "$(TARGET_NAME)";
				TEST_TARGET_NAME = WYTopView;
				USES_XCTRUNNER = YES;
			};
			name = Debug;
		};
		D396942C1C7E8A4400BB5772 /* Release */ = {
			isa = XCBuildConfiguration;
			buildSettings = {
				INFOPLIST_FILE = WYTopViewUITests/Info.plist;
				LD_RUNPATH_SEARCH_PATHS = "$(inherited) @executable_path/Frameworks @loader_path/Frameworks";
				PRODUCT_BUNDLE_IDENTIFIER = liaoningkeji.WYTopViewUITests;
				PRODUCT_NAME = "$(TARGET_NAME)";
				TEST_TARGET_NAME = WYTopView;
				USES_XCTRUNNER = YES;
			};
			name = Release;
		};
/* End XCBuildConfiguration section */

/* Begin XCConfigurationList section */
		D39693F21C7E8A4100BB5772 /* Build configuration list for PBXProject "WYTopView" */ = {
			isa = XCConfigurationList;
			buildConfigurations = (
				D39694221C7E8A4400BB5772 /* Debug */,
				D39694231C7E8A4400BB5772 /* Release */,
			);
			defaultConfigurationIsVisible = 0;
			defaultConfigurationName = Release;
		};
		D39694241C7E8A4400BB5772 /* Build configuration list for PBXNativeTarget "WYTopView" */ = {
			isa = XCConfigurationList;
			buildConfigurations = (
				D39694251C7E8A4400BB5772 /* Debug */,
				D39694261C7E8A4400BB5772 /* Release */,
			);
			defaultConfigurationIsVisible = 0;
		};
		D39694271C7E8A4400BB5772 /* Build configuration list for PBXNativeTarget "WYTopViewTests" */ = {
			isa = XCConfigurationList;
			buildConfigurations = (
				D39694281C7E8A4400BB5772 /* Debug */,
				D39694291C7E8A4400BB5772 /* Release */,
			);
			defaultConfigurationIsVisible = 0;
		};
		D396942A1C7E8A4400BB5772 /* Build configuration list for PBXNativeTarget "WYTopViewUITests" */ = {
			isa = XCConfigurationList;
			buildConfigurations = (
				D396942B1C7E8A4400BB5772 /* Debug */,
				D396942C1C7E8A4400BB5772 /* Release */,
			);
			defaultConfigurationIsVisible = 0;
		};
/* End XCConfigurationList section */
	};
	rootObject = D39693EF1C7E8A4100BB5772 /* Project object */;
}
